
Microsoft Visual Studio Solution File, Format Version 12.00
# Visual Studio Version 16
VisualStudioVersion = 16.0.30711.63
MinimumVisualStudioVersion = 10.0.40219.1
Project("{FAE04EC0-301F-11D3-BF4B-00C04F79EFBC}") = "RecFacial.UWP", "RecFacial.UWP\RecFacial.UWP.csproj", "{DCB65A2D-A3F4-451B-AD02-2C22F37B48CB}"
EndProject
Project("{FAE04EC0-301F-11D3-BF4B-00C04F79EFBC}") = "RecFacial.Android", "RecFacial.Android\RecFacial.Android.csproj", "{84AB7D5F-8355-4734-A675-5C27B6AB68BC}"
EndProject
Project("{FAE04EC0-301F-11D3-BF4B-00C04F79EFBC}") = "RecFacial.iOS", "RecFacial.iOS\RecFacial.iOS.csproj", "{BAC2E8EE-9B1A-4BEC-A863-1D25E3395952}"
EndProject
Project("{FAE04EC0-301F-11D3-BF4B-00C04F79EFBC}") = "RecFacial", "RecFacial\RecFacial.csproj", "{A26F3BED-7FE1-4B86-B60E-71DC887AC10F}"
EndProject
Global
	GlobalSection(SolutionConfigurationPlatforms) = preSolution
		Debug|Any CPU = Debug|Any CPU
		Debug|ARM = Debug|ARM
		Debug|iPhone = Debug|iPhone
		Debug|iPhoneSimulator = Debug|iPhoneSimulator
		Debug|x64 = Debug|x64
		Debug|x86 = Debug|x86
		Release|Any CPU = Release|Any CPU
		Release|ARM = Release|ARM
		Release|iPhone = Release|iPhone
		Release|iPhoneSimulator = Release|iPhoneSimulator
		Release|x64 = Release|x64
		Release|x86 = Release|x86
	EndGlobalSection
	GlobalSection(ProjectConfigurationPlatforms) = postSolution
		{DCB65A2D-A3F4-451B-AD02-2C22F37B48CB}.Debug|Any CPU.ActiveCfg = Debug|x86
		{DCB65A2D-A3F4-451B-AD02-2C22F37B48CB}.Debug|Any CPU.Build.0 = Debug|x86
		{DCB65A2D-A3F4-451B-AD02-2C22F37B48CB}.Debug|Any CPU.Deploy.0 = Debug|x86
		{DCB65A2D-A3F4-451B-AD02-2C22F37B48CB}.Debug|ARM.ActiveCfg = Debug|ARM
		{DCB65A2D-A3F4-451B-AD02-2C22F37B48CB}.Debug|ARM.Build.0 = Debug|ARM
		{DCB65A2D-A3F4-451B-AD02-2C22F37B48CB}.Debug|ARM.Deploy.0 = Debug|ARM
		{DCB65A2D-A3F4-451B-AD02-2C22F37B48CB}.Debug|iPhone.ActiveCfg = Debug|x86
		{DCB65A2D-A3F4-451B-AD02-2C22F37B48CB}.Debug|iPhone.Build.0 = Debug|x86
		{DCB65A2D-A3F4-451B-AD02-2C22F37B48CB}.Debug|iPhone.Deploy.0 = Debug|x86
		{DCB65A2D-A3F4-451B-AD02-2C22F37B48CB}.Debug|iPhoneSimulator.ActiveCfg = Debug|x86
		{DCB65A2D-A3F4-451B-AD02-2C22F37B48CB}.Debug|iPhoneSimulator.Build.0 = Debug|x86
		{DCB65A2D-A3F4-451B-AD02-2C22F37B48CB}.Debug|iPhoneSimulator.Deploy.0 = Debug|x86
		{DCB65A2D-A3F4-451B-AD02-2C22F37B48CB}.Debug|x64.ActiveCfg = Debug|x64
		{DCB65A2D-A3F4-451B-AD02-2C22F37B48CB}.Debug|x64.Build.0 = Debug|x64
		{DCB65A2D-A3F4-451B-AD02-2C22F37B48CB}.Debug|x64.Deploy.0 = Debug|x64
		{DCB65A2D-A3F4-451B-AD02-2C22F37B48CB}.Debug|x86.ActiveCfg = Debug|x86
		{DCB65A2D-A3F4-451B-AD02-2C22F37B48CB}.Debug|x86.Build.0 = Debug|x86
		{DCB65A2D-A3F4-451B-AD02-2C22F37B48CB}.Debug|x86.Deploy.0 = Debug|x86
		{DCB65A2D-A3F4-451B-AD02-2C22F37B48CB}.Release|Any CPU.ActiveCfg = Release|x86
		{DCB65A2D-A3F4-451B-AD02-2C22F37B48CB}.Release|Any CPU.Build.0 = Release|x86
		{DCB65A2D-A3F4-451B-AD02-2C22F37B48CB}.Release|Any CPU.Deploy.0 = Release|x86
		{DCB65A2D-A3F4-451B-AD02-2C22F37B48CB}.Release|ARM.ActiveCfg = Release|ARM
		{DCB65A2D-A3F4-451B-AD02-2C22F37B48CB}.Release|ARM.Build.0 = Release|ARM
		{DCB65A2D-A3F4-451B-AD02-2C22F37B48CB}.Release|ARM.Deploy.0 = Release|ARM
		{DCB65A2D-A3F4-451B-AD02-2C22F37B48CB}.Release|iPhone.ActiveCfg = Release|x86
		{DCB65A2D-A3F4-451B-AD02-2C22F37B48CB}.Release|iPhone.Build.0 = Release|x86
		{DCB65A2D-A3F4-451B-AD02-2C22F37B48CB}.Release|iPhone.Deploy.0 = Release|x86
		{DCB65A2D-A3F4-451B-AD02-2C22F37B48CB}.Release|iPhoneSimulator.ActiveCfg = Release|x86
		{DCB65A2D-A3F4-451B-AD02-2C22F37B48CB}.Release|iPhoneSimulator.Build.0 = Release|x86
		{DCB65A2D-A3F4-451B-AD02-2C22F37B48CB}.Release|iPhoneSimulator.Deploy.0 = Release|x86
		{DCB65A2D-A3F4-451B-AD02-2C22F37B48CB}.Release|x64.ActiveCfg = Release|x64
		{DCB65A2D-A3F4-451B-AD02-2C22F37B48CB}.Release|x64.Build.0 = Release|x64
		{DCB65A2D-A3F4-451B-AD02-2C22F37B48CB}.Release|x64.Deploy.0 = Release|x64
		{DCB65A2D-A3F4-451B-AD02-2C22F37B48CB}.Release|x86.ActiveCfg = Release|x86
		{DCB65A2D-A3F4-451B-AD02-2C22F37B48CB}.Release|x86.Build.0 = Release|x86
		{DCB65A2D-A3F4-451B-AD02-2C22F37B48CB}.Release|x86.Deploy.0 = Release|x86
		{84AB7D5F-8355-4734-A675-5C27B6AB68BC}.Debug|Any CPU.ActiveCfg = Debug|Any CPU
		{84AB7D5F-8355-4734-A675-5C27B6AB68BC}.Debug|Any CPU.Build.0 = Debug|Any CPU
		{84AB7D5F-8355-4734-A675-5C27B6AB68BC}.Debug|Any CPU.Deploy.0 = Debug|Any CPU
		{84AB7D5F-8355-4734-A675-5C27B6AB68BC}.Debug|ARM.ActiveCfg = Debug|Any CPU
		{84AB7D5F-8355-4734-A675-5C27B6AB68BC}.Debug|ARM.Build.0 = Debug|Any CPU
		{84AB7D5F-8355-4734-A675-5C27B6AB68BC}.Debug|ARM.Deploy.0 = Debug|Any CPU
		{84AB7D5F-8355-4734-A675-5C27B6AB68BC}.Debug|iPhone.ActiveCfg = Debug|Any CPU
		{84AB7D5F-8355-4734-A675-5C27B6AB68BC}.Debug|iPhone.Build.0 = Debug|Any CPU
		{84AB7D5F-8355-4734-A675-5C27B6AB68BC}.Debug|iPhone.Deploy.0 = Debug|Any CPU
		{84AB7D5F-8355-4734-A675-5C27B6AB68BC}.Debug|iPhoneSimulator.ActiveCfg = Debug|Any CPU
		{84AB7D5F-8355-4734-A675-5C27B6AB68BC}.Debug|iPhoneSimulator.Build.0 = Debug|Any CPU
		{84AB7D5F-8355-4734-A675-5C27B6AB68BC}.Debug|iPhoneSimulator.Deploy.0 = Debug|Any CPU
		{84AB7D5F-8355-4734-A675-5C27B6AB68BC}.Debug|x64.ActiveCfg = Debug|Any CPU
		{84AB7D5F-8355-4734-A675-5C27B6AB68BC}.Debug|x64.Build.0 = Debug|Any CPU
		{84AB7D5F-8355-4734-A675-5C27B6AB68BC}.Debug|x64.Deploy.0 = Debug|Any CPU
		{84AB7D5F-8355-4734-A675-5C27B6AB68BC}.Debug|x86.ActiveCfg = Debug|Any CPU
		{84AB7D5F-8355-4734-A675-5C27B6AB68BC}.Debug|x86.Build.0 = Debug|Any CPU
		{84AB7D5F-8355-4734-A675-5C27B6AB68BC}.Debug|x86.Deploy.0 = Debug|Any CPU
		{84AB7D5F-8355-4734-A675-5C27B6AB68BC}.Release|Any CPU.ActiveCfg = Release|Any CPU
		{84AB7D5F-8355-4734-A675-5C27B6AB68BC}.Release|Any CPU.Build.0 = Release|Any CPU
		{84AB7D5F-8355-4734-A675-5C27B6AB68BC}.Release|Any CPU.Deploy.0 = Release|Any CPU
		{84AB7D5F-8355-4734-A675-5C27B6AB68BC}.Release|ARM.ActiveCfg = Release|Any CPU
		{84AB7D5F-8355-4734-A675-5C27B6AB68BC}.Release|ARM.Build.0 = Release|Any CPU
		{84AB7D5F-8355-4734-A675-5C27B6AB68BC}.Release|ARM.Deploy.0 = Release|Any CPU
		{84AB7D5F-8355-4734-A675-5C27B6AB68BC}.Release|iPhone.ActiveCfg = Release|Any CPU
		{84AB7D5F-8355-4734-A675-5C27B6AB68BC}.Release|iPhone.Build.0 = Release|Any CPU
		{84AB7D5F-8355-4734-A675-5C27B6AB68BC}.Release|iPhone.Deploy.0 = Release|Any CPU
		{84AB7D5F-8355-4734-A675-5C27B6AB68BC}.Release|iPhoneSimulator.ActiveCfg = Release|Any CPU
		{84AB7D5F-8355-4734-A675-5C27B6AB68BC}.Release|iPhoneSimulator.Build.0 = Release|Any CPU
		{84AB7D5F-8355-4734-A675-5C27B6AB68BC}.Release|iPhoneSimulator.Deploy.0 = Release|Any CPU
		{84AB7D5F-8355-4734-A675-5C27B6AB68BC}.Release|x64.ActiveCfg = Release|Any CPU
		{84AB7D5F-8355-4734-A675-5C27B6AB68BC}.Release|x64.Build.0 = Release|Any CPU
		{84AB7D5F-8355-4734-A675-5C27B6AB68BC}.Release|x64.Deploy.0 = Release|Any CPU
		{84AB7D5F-8355-4734-A675-5C27B6AB68BC}.Release|x86.ActiveCfg = Release|Any CPU
		{84AB7D5F-8355-4734-A675-5C27B6AB68BC}.Release|x86.Build.0 = Release|Any CPU
		{84AB7D5F-8355-4734-A675-5C27B6AB68BC}.Release|x86.Deploy.0 = Release|Any CPU
		{BAC2E8EE-9B1A-4BEC-A863-1D25E3395952}.Debug|Any CPU.ActiveCfg = Debug|iPhoneSimulator
		{BAC2E8EE-9B1A-4BEC-A863-1D25E3395952}.Debug|Any CPU.Build.0 = Debug|iPhoneSimulator
		{BAC2E8EE-9B1A-4BEC-A863-1D25E3395952}.Debug|Any CPU.Deploy.0 = Debug|iPhoneSimulator
		{BAC2E8EE-9B1A-4BEC-A863-1D25E3395952}.Debug|ARM.ActiveCfg = Debug|iPhone
		{BAC2E8EE-9B1A-4BEC-A863-1D25E3395952}.Debug|ARM.Build.0 = Debug|iPhone
		{BAC2E8EE-9B1A-4BEC-A863-1D25E3395952}.Debug|ARM.Deploy.0 = Debug|iPhone
		{BAC2E8EE-9B1A-4BEC-A863-1D25E3395952}.Debug|iPhone.ActiveCfg = Debug|iPhone
		{BAC2E8EE-9B1A-4BEC-A863-1D25E3395952}.Debug|iPhone.Build.0 = Debug|iPhone
		{BAC2E8EE-9B1A-4BEC-A863-1D25E3395952}.Debug|iPhone.Deploy.0 = Debug|iPhone
		{BAC2E8EE-9B1A-4BEC-A863-1D25E3395952}.Debug|iPhoneSimulator.ActiveCfg = Debug|iPhoneSimulator
		{BAC2E8EE-9B1A-4BEC-A863-1D25E3395952}.Debug|iPhoneSimulator.Build.0 = Debug|iPhoneSimulator
		{BAC2E8EE-9B1A-4BEC-A863-1D25E3395952}.Debug|iPhoneSimulator.Deploy.0 = Debug|iPhoneSimulator
		{BAC2E8EE-9B1A-4BEC-A863-1D25E3395952}.Debug|x64.ActiveCfg = Debug|iPhoneSimulator
		{BAC2E8EE-9B1A-4BEC-A863-1D25E3395952}.Debug|x64.Build.0 = Debug|iPhoneSimulator
		{BAC2E8EE-9B1A-4BEC-A863-1D25E3395952}.Debug|x64.Deploy.0 = Debug|iPhoneSimulator
		{BAC2E8EE-9B1A-4BEC-A863-1D25E3395952}.Debug|x86.ActiveCfg = Debug|iPhoneSimulator
		{BAC2E8EE-9B1A-4BEC-A863-1D25E3395952}.Debug|x86.Build.0 = Debug|iPhoneSimulator
		{BAC2E8EE-9B1A-4BEC-A863-1D25E3395952}.Debug|x86.Deploy.0 = Debug|iPhoneSimulator
		{BAC2E8EE-9B1A-4BEC-A863-1D25E3395952}.Release|Any CPU.ActiveCfg = Release|iPhoneSimulator
		{BAC2E8EE-9B1A-4BEC-A863-1D25E3395952}.Release|Any CPU.Build.0 = Release|iPhoneSimulator
		{BAC2E8EE-9B1A-4BEC-A863-1D25E3395952}.Release|Any CPU.Deploy.0 = Release|iPhoneSimulator
		{BAC2E8EE-9B1A-4BEC-A863-1D25E3395952}.Release|ARM.ActiveCfg = Release|iPhoneSimulator
		{BAC2E8EE-9B1A-4BEC-A863-1D25E3395952}.Release|ARM.Build.0 = Release|iPhoneSimulator
		{BAC2E8EE-9B1A-4BEC-A863-1D25E3395952}.Release|ARM.Deploy.0 = Release|iPhoneSimulator
		{BAC2E8EE-9B1A-4BEC-A863-1D25E3395952}.Release|iPhone.ActiveCfg = Release|iPhone
		{BAC2E8EE-9B1A-4BEC-A863-1D25E3395952}.Release|iPhone.Build.0 = Release|iPhone
		{BAC2E8EE-9B1A-4BEC-A863-1D25E3395952}.Release|iPhone.Deploy.0 = Release|iPhone
		{BAC2E8EE-9B1A-4BEC-A863-1D25E3395952}.Release|iPhoneSimulator.ActiveCfg = Release|iPhoneSimulator
		{BAC2E8EE-9B1A-4BEC-A863-1D25E3395952}.Release|iPhoneSimulator.Build.0 = Release|iPhoneSimulator
		{BAC2E8EE-9B1A-4BEC-A863-1D25E3395952}.Release|iPhoneSimulator.Deploy.0 = Release|iPhoneSimulator
		{BAC2E8EE-9B1A-4BEC-A863-1D25E3395952}.Release|x64.ActiveCfg = Release|iPhoneSimulator
		{BAC2E8EE-9B1A-4BEC-A863-1D25E3395952}.Release|x64.Build.0 = Release|iPhoneSimulator
		{BAC2E8EE-9B1A-4BEC-A863-1D25E3395952}.Release|x64.Deploy.0 = Release|iPhoneSimulator
		{BAC2E8EE-9B1A-4BEC-A863-1D25E3395952}.Release|x86.ActiveCfg = Release|iPhoneSimulator
		{BAC2E8EE-9B1A-4BEC-A863-1D25E3395952}.Release|x86.Build.0 = Release|iPhoneSimulator
		{BAC2E8EE-9B1A-4BEC-A863-1D25E3395952}.Release|x86.Deploy.0 = Release|iPhoneSimulator
		{A26F3BED-7FE1-4B86-B60E-71DC887AC10F}.Debug|Any CPU.ActiveCfg = Debug|Any CPU
		{A26F3BED-7FE1-4B86-B60E-71DC887AC10F}.Debug|Any CPU.Build.0 = Debug|Any CPU
		{A26F3BED-7FE1-4B86-B60E-71DC887AC10F}.Debug|Any CPU.Deploy.0 = Debug|Any CPU
		{A26F3BED-7FE1-4B86-B60E-71DC887AC10F}.Debug|ARM.ActiveCfg = Debug|Any CPU
		{A26F3BED-7FE1-4B86-B60E-71DC887AC10F}.Debug|ARM.Build.0 = Debug|Any CPU
		{A26F3BED-7FE1-4B86-B60E-71DC887AC10F}.Debug|ARM.Deploy.0 = Debug|Any CPU
		{A26F3BED-7FE1-4B86-B60E-71DC887AC10F}.Debug|iPhone.ActiveCfg = Debug|Any CPU
		{A26F3BED-7FE1-4B86-B60E-71DC887AC10F}.Debug|iPhone.Build.0 = Debug|Any CPU
		{A26F3BED-7FE1-4B86-B60E-71DC887AC10F}.Debug|iPhone.Deploy.0 = Debug|Any CPU
		{A26F3BED-7FE1-4B86-B60E-71DC887AC10F}.Debug|iPhoneSimulator.ActiveCfg = Debug|Any CPU
		{A26F3BED-7FE1-4B86-B60E-71DC887AC10F}.Debug|iPhoneSimulator.Build.0 = Debug|Any CPU
		{A26F3BED-7FE1-4B86-B60E-71DC887AC10F}.Debug|iPhoneSimulator.Deploy.0 = Debug|Any CPU
		{A26F3BED-7FE1-4B86-B60E-71DC887AC10F}.Debug|x64.ActiveCfg = Debug|Any CPU
		{A26F3BED-7FE1-4B86-B60E-71DC887AC10F}.Debug|x64.Build.0 = Debug|Any CPU
		{A26F3BED-7FE1-4B86-B60E-71DC887AC10F}.Debug|x64.Deploy.0 = Debug|Any CPU
		{A26F3BED-7FE1-4B86-B60E-71DC887AC10F}.Debug|x86.ActiveCfg = Debug|Any CPU
		{A26F3BED-7FE1-4B86-B60E-71DC887AC10F}.Debug|x86.Build.0 = Debug|Any CPU
		{A26F3BED-7FE1-4B86-B60E-71DC887AC10F}.Debug|x86.Deploy.0 = Debug|Any CPU
		{A26F3BED-7FE1-4B86-B60E-71DC887AC10F}.Release|Any CPU.ActiveCfg = Release|Any CPU
		{A26F3BED-7FE1-4B86-B60E-71DC887AC10F}.Release|Any CPU.Build.0 = Release|Any CPU
		{A26F3BED-7FE1-4B86-B60E-71DC887AC10F}.Release|Any CPU.Deploy.0 = Release|Any CPU
		{A26F3BED-7FE1-4B86-B60E-71DC887AC10F}.Release|ARM.ActiveCfg = Release|Any CPU
		{A26F3BED-7FE1-4B86-B60E-71DC887AC10F}.Release|ARM.Build.0 = Release|Any CPU
		{A26F3BED-7FE1-4B86-B60E-71DC887AC10F}.Release|ARM.Deploy.0 = Release|Any CPU
		{A26F3BED-7FE1-4B86-B60E-71DC887AC10F}.Release|iPhone.ActiveCfg = Release|Any CPU
		{A26F3BED-7FE1-4B86-B60E-71DC887AC10F}.Release|iPhone.Build.0 = Release|Any CPU
		{A26F3BED-7FE1-4B86-B60E-71DC887AC10F}.Release|iPhone.Deploy.0 = Release|Any CPU
		{A26F3BED-7FE1-4B86-B60E-71DC887AC10F}.Release|iPhoneSimulator.ActiveCfg = Release|Any CPU
		{A26F3BED-7FE1-4B86-B60E-71DC887AC10F}.Release|iPhoneSimulator.Build.0 = Release|Any CPU
		{A26F3BED-7FE1-4B86-B60E-71DC887AC10F}.Release|iPhoneSimulator.Deploy.0 = Release|Any CPU
		{A26F3BED-7FE1-4B86-B60E-71DC887AC10F}.Release|x64.ActiveCfg = Release|Any CPU
		{A26F3BED-7FE1-4B86-B60E-71DC887AC10F}.Release|x64.Build.0 = Release|Any CPU
		{A26F3BED-7FE1-4B86-B60E-71DC887AC10F}.Release|x64.Deploy.0 = Release|Any CPU
		{A26F3BED-7FE1-4B86-B60E-71DC887AC10F}.Release|x86.ActiveCfg = Release|Any CPU
		{A26F3BED-7FE1-4B86-B60E-71DC887AC10F}.Release|x86.Build.0 = Release|Any CPU
		{A26F3BED-7FE1-4B86-B60E-71DC887AC10F}.Release|x86.Deploy.0 = Release|Any CPU
	EndGlobalSection
	GlobalSection(SolutionProperties) = preSolution
		HideSolutionNode = FALSE
	EndGlobalSection
	GlobalSection(ExtensibilityGlobals) = postSolution
		SolutionGuid = {260BA08F-BA7F-497E-987D-5C185D8E6AE7}
	EndGlobalSection
EndGlobal
